// !$*UTF8*$!
{
	archiveVersion = 1;
	classes = {
	};
	objectVersion = 50;
	objects = {

/* Begin PBXBuildFile section */
		281230EF21348C4B00A99E1A /* AmiiboCollectionViewCell.swift in Sources */ = {isa = PBXBuildFile; fileRef = 281230ED21348C4B00A99E1A /* AmiiboCollectionViewCell.swift */; };
		281230F021348C4B00A99E1A /* AmiiboCollectionViewCell.xib in Resources */ = {isa = PBXBuildFile; fileRef = 281230EE21348C4B00A99E1A /* AmiiboCollectionViewCell.xib */; };
		2893F5FD2134CBB3001EB754 /* AmiibosViewController.swift in Sources */ = {isa = PBXBuildFile; fileRef = 2893F5FB2134CBB3001EB754 /* AmiibosViewController.swift */; };
		2893F5FE2134CBB3001EB754 /* AmiibosViewController.xib in Resources */ = {isa = PBXBuildFile; fileRef = 2893F5FC2134CBB3001EB754 /* AmiibosViewController.xib */; };
		2C11D2F992CD909213F3FA7F /* Pods_Amiibo.framework in Frameworks */ = {isa = PBXBuildFile; fileRef = 6653EE899A94E46D4863D933 /* Pods_Amiibo.framework */; };
		4333567306B87688B5C30F02 /* Pods_AmiiboTests.framework in Frameworks */ = {isa = PBXBuildFile; fileRef = 55222A56D9E541EFB9423F2B /* Pods_AmiiboTests.framework */; };
		4A5FA8B6212F558F000B75D2 /* AppDelegate.swift in Sources */ = {isa = PBXBuildFile; fileRef = 4A5FA8B5212F558F000B75D2 /* AppDelegate.swift */; };
		4A5FA8B8212F558F000B75D2 /* ViewController.swift in Sources */ = {isa = PBXBuildFile; fileRef = 4A5FA8B7212F558F000B75D2 /* ViewController.swift */; };
		4A5FA8BB212F558F000B75D2 /* Main.storyboard in Resources */ = {isa = PBXBuildFile; fileRef = 4A5FA8B9212F558F000B75D2 /* Main.storyboard */; };
		4A5FA8BD212F5591000B75D2 /* Assets.xcassets in Resources */ = {isa = PBXBuildFile; fileRef = 4A5FA8BC212F5591000B75D2 /* Assets.xcassets */; };
		4A5FA8C0212F5591000B75D2 /* LaunchScreen.storyboard in Resources */ = {isa = PBXBuildFile; fileRef = 4A5FA8BE212F5591000B75D2 /* LaunchScreen.storyboard */; };
		4A5FA8CB212F5591000B75D2 /* AmiiboTests.swift in Sources */ = {isa = PBXBuildFile; fileRef = 4A5FA8CA212F5591000B75D2 /* AmiiboTests.swift */; };
		4A5FA8D7212F573C000B75D2 /* AmiiboResponse.swift in Sources */ = {isa = PBXBuildFile; fileRef = 4A5FA8D6212F573C000B75D2 /* AmiiboResponse.swift */; };
		4A5FA8E1212F5ADD000B75D2 /* Optional+Unwrap.swift in Sources */ = {isa = PBXBuildFile; fileRef = 4A5FA8DD212F5ADD000B75D2 /* Optional+Unwrap.swift */; };
		4A5FA8E2212F5ADD000B75D2 /* URLSession+Requester.swift in Sources */ = {isa = PBXBuildFile; fileRef = 4A5FA8DE212F5ADD000B75D2 /* URLSession+Requester.swift */; };
		4A5FA8E5212F5C5E000B75D2 /* ReachabilityService.swift in Sources */ = {isa = PBXBuildFile; fileRef = 4A5FA8E3212F5C5E000B75D2 /* ReachabilityService.swift */; };
		4A5FA8E6212F5C5E000B75D2 /* Reachability.swift in Sources */ = {isa = PBXBuildFile; fileRef = 4A5FA8E4212F5C5E000B75D2 /* Reachability.swift */; };
		4A5FA8E9212F5D1E000B75D2 /* BaseRequest+Builder.swift in Sources */ = {isa = PBXBuildFile; fileRef = 4A5FA8E8212F5D1E000B75D2 /* BaseRequest+Builder.swift */; };
		4AE5FE98212F640F00ECC99E /* AmiiboViewModel.swift in Sources */ = {isa = PBXBuildFile; fileRef = 4AE5FE97212F640F00ECC99E /* AmiiboViewModel.swift */; };
		4AE5FE9A212F653600ECC99E /* Type.swift in Sources */ = {isa = PBXBuildFile; fileRef = 4AE5FE99212F653600ECC99E /* Type.swift */; };
		4AE5FE9C212F65B600ECC99E /* Amiibo.swift in Sources */ = {isa = PBXBuildFile; fileRef = 4AE5FE9B212F65B600ECC99E /* Amiibo.swift */; };
		4AE5FE9E212F6E3100ECC99E /* TypeRouter.swift in Sources */ = {isa = PBXBuildFile; fileRef = 4AE5FE9D212F6E3100ECC99E /* TypeRouter.swift */; };
		4AE5FEA1212F6EFF00ECC99E /* TypeRequest.swift in Sources */ = {isa = PBXBuildFile; fileRef = 4AE5FEA0212F6EFF00ECC99E /* TypeRequest.swift */; };
		4AE5FEA3212F70D100ECC99E /* APIRequester.swift in Sources */ = {isa = PBXBuildFile; fileRef = 4AE5FEA2212F70D100ECC99E /* APIRequester.swift */; };
		4AE5FEA5212F790E00ECC99E /* RealmObject.swift in Sources */ = {isa = PBXBuildFile; fileRef = 4AE5FEA4212F790E00ECC99E /* RealmObject.swift */; };
		4AE5FEA8212F7A7200ECC99E /* AmiiboRequest.swift in Sources */ = {isa = PBXBuildFile; fileRef = 4AE5FEA7212F7A7200ECC99E /* AmiiboRequest.swift */; };
		4AE5FEAA212F7C9300ECC99E /* AmiiboRouter.swift in Sources */ = {isa = PBXBuildFile; fileRef = 4AE5FEA9212F7C9300ECC99E /* AmiiboRouter.swift */; };
		4AE5FEAC212F833100ECC99E /* Array+Extension.swift in Sources */ = {isa = PBXBuildFile; fileRef = 4AE5FEAB212F833100ECC99E /* Array+Extension.swift */; };
		4AE5FEB2212F8A7B00ECC99E /* AmiiboType+Extension.swift in Sources */ = {isa = PBXBuildFile; fileRef = 4AE5FEB1212F8A7B00ECC99E /* AmiiboType+Extension.swift */; };
		4AE5FEB9212F901100ECC99E /* AmiiboTableViewCell.swift in Sources */ = {isa = PBXBuildFile; fileRef = 4AE5FEB7212F901100ECC99E /* AmiiboTableViewCell.swift */; };
		4AE5FEBA212F901100ECC99E /* AmiiboTableViewCell.xib in Resources */ = {isa = PBXBuildFile; fileRef = 4AE5FEB8212F901100ECC99E /* AmiiboTableViewCell.xib */; };
/* End PBXBuildFile section */

/* Begin PBXContainerItemProxy section */
		4A5FA8C7212F5591000B75D2 /* PBXContainerItemProxy */ = {
			isa = PBXContainerItemProxy;
			containerPortal = 4A5FA8AA212F558F000B75D2 /* Project object */;
			proxyType = 1;
			remoteGlobalIDString = 4A5FA8B1212F558F000B75D2;
			remoteInfo = Amiibo;
		};
/* End PBXContainerItemProxy section */

/* Begin PBXFileReference section */
		281230ED21348C4B00A99E1A /* AmiiboCollectionViewCell.swift */ = {isa = PBXFileReference; lastKnownFileType = sourcecode.swift; name = AmiiboCollectionViewCell.swift; path = Amiibo/ViewModel/Amiibo/Cells/AmiiboCollectionViewCell.swift; sourceTree = SOURCE_ROOT; };
		281230EE21348C4B00A99E1A /* AmiiboCollectionViewCell.xib */ = {isa = PBXFileReference; lastKnownFileType = file.xib; name = AmiiboCollectionViewCell.xib; path = Amiibo/ViewModel/Amiibo/Cells/AmiiboCollectionViewCell.xib; sourceTree = SOURCE_ROOT; };
		2893F5FB2134CBB3001EB754 /* AmiibosViewController.swift */ = {isa = PBXFileReference; lastKnownFileType = sourcecode.swift; path = AmiibosViewController.swift; sourceTree = "<group>"; };
		2893F5FC2134CBB3001EB754 /* AmiibosViewController.xib */ = {isa = PBXFileReference; lastKnownFileType = file.xib; path = AmiibosViewController.xib; sourceTree = "<group>"; };
		4241859491D048987D55093E /* Pods-AmiiboTests.release.xcconfig */ = {isa = PBXFileReference; includeInIndex = 1; lastKnownFileType = text.xcconfig; name = "Pods-AmiiboTests.release.xcconfig"; path = "Pods/Target Support Files/Pods-AmiiboTests/Pods-AmiiboTests.release.xcconfig"; sourceTree = "<group>"; };
		4A5FA8B2212F558F000B75D2 /* Amiibo.app */ = {isa = PBXFileReference; explicitFileType = wrapper.application; includeInIndex = 0; path = Amiibo.app; sourceTree = BUILT_PRODUCTS_DIR; };
		4A5FA8B5212F558F000B75D2 /* AppDelegate.swift */ = {isa = PBXFileReference; lastKnownFileType = sourcecode.swift; path = AppDelegate.swift; sourceTree = "<group>"; };
		4A5FA8B7212F558F000B75D2 /* ViewController.swift */ = {isa = PBXFileReference; lastKnownFileType = sourcecode.swift; path = ViewController.swift; sourceTree = "<group>"; };
		4A5FA8BA212F558F000B75D2 /* Base */ = {isa = PBXFileReference; lastKnownFileType = file.storyboard; name = Base; path = Base.lproj/Main.storyboard; sourceTree = "<group>"; };
		4A5FA8BC212F5591000B75D2 /* Assets.xcassets */ = {isa = PBXFileReference; lastKnownFileType = folder.assetcatalog; path = Assets.xcassets; sourceTree = "<group>"; };
		4A5FA8BF212F5591000B75D2 /* Base */ = {isa = PBXFileReference; lastKnownFileType = file.storyboard; name = Base; path = Base.lproj/LaunchScreen.storyboard; sourceTree = "<group>"; };
		4A5FA8C1212F5591000B75D2 /* Info.plist */ = {isa = PBXFileReference; lastKnownFileType = text.plist.xml; path = Info.plist; sourceTree = "<group>"; };
		4A5FA8C6212F5591000B75D2 /* AmiiboTests.xctest */ = {isa = PBXFileReference; explicitFileType = wrapper.cfbundle; includeInIndex = 0; path = AmiiboTests.xctest; sourceTree = BUILT_PRODUCTS_DIR; };
		4A5FA8CA212F5591000B75D2 /* AmiiboTests.swift */ = {isa = PBXFileReference; lastKnownFileType = sourcecode.swift; path = AmiiboTests.swift; sourceTree = "<group>"; };
		4A5FA8CC212F5592000B75D2 /* Info.plist */ = {isa = PBXFileReference; lastKnownFileType = text.plist.xml; path = Info.plist; sourceTree = "<group>"; };
		4A5FA8D6212F573C000B75D2 /* AmiiboResponse.swift */ = {isa = PBXFileReference; lastKnownFileType = sourcecode.swift; path = AmiiboResponse.swift; sourceTree = "<group>"; };
		4A5FA8DD212F5ADD000B75D2 /* Optional+Unwrap.swift */ = {isa = PBXFileReference; fileEncoding = 4; lastKnownFileType = sourcecode.swift; path = "Optional+Unwrap.swift"; sourceTree = "<group>"; };
		4A5FA8DE212F5ADD000B75D2 /* URLSession+Requester.swift */ = {isa = PBXFileReference; fileEncoding = 4; lastKnownFileType = sourcecode.swift; path = "URLSession+Requester.swift"; sourceTree = "<group>"; };
		4A5FA8E3212F5C5E000B75D2 /* ReachabilityService.swift */ = {isa = PBXFileReference; fileEncoding = 4; lastKnownFileType = sourcecode.swift; path = ReachabilityService.swift; sourceTree = "<group>"; };
		4A5FA8E4212F5C5E000B75D2 /* Reachability.swift */ = {isa = PBXFileReference; fileEncoding = 4; lastKnownFileType = sourcecode.swift; path = Reachability.swift; sourceTree = "<group>"; };
		4A5FA8E8212F5D1E000B75D2 /* BaseRequest+Builder.swift */ = {isa = PBXFileReference; fileEncoding = 4; lastKnownFileType = sourcecode.swift; path = "BaseRequest+Builder.swift"; sourceTree = "<group>"; };
		4AE5FE97212F640F00ECC99E /* AmiiboViewModel.swift */ = {isa = PBXFileReference; lastKnownFileType = sourcecode.swift; path = AmiiboViewModel.swift; sourceTree = "<group>"; };
		4AE5FE99212F653600ECC99E /* Type.swift */ = {isa = PBXFileReference; lastKnownFileType = sourcecode.swift; path = Type.swift; sourceTree = "<group>"; };
		4AE5FE9B212F65B600ECC99E /* Amiibo.swift */ = {isa = PBXFileReference; lastKnownFileType = sourcecode.swift; path = Amiibo.swift; sourceTree = "<group>"; };
		4AE5FE9D212F6E3100ECC99E /* TypeRouter.swift */ = {isa = PBXFileReference; lastKnownFileType = sourcecode.swift; path = TypeRouter.swift; sourceTree = "<group>"; };
		4AE5FEA0212F6EFF00ECC99E /* TypeRequest.swift */ = {isa = PBXFileReference; lastKnownFileType = sourcecode.swift; path = TypeRequest.swift; sourceTree = "<group>"; };
		4AE5FEA2212F70D100ECC99E /* APIRequester.swift */ = {isa = PBXFileReference; fileEncoding = 4; lastKnownFileType = sourcecode.swift; path = APIRequester.swift; sourceTree = "<group>"; };
		4AE5FEA4212F790E00ECC99E /* RealmObject.swift */ = {isa = PBXFileReference; fileEncoding = 4; lastKnownFileType = sourcecode.swift; path = RealmObject.swift; sourceTree = "<group>"; };
		4AE5FEA7212F7A7200ECC99E /* AmiiboRequest.swift */ = {isa = PBXFileReference; lastKnownFileType = sourcecode.swift; path = AmiiboRequest.swift; sourceTree = "<group>"; };
		4AE5FEA9212F7C9300ECC99E /* AmiiboRouter.swift */ = {isa = PBXFileReference; lastKnownFileType = sourcecode.swift; path = AmiiboRouter.swift; sourceTree = "<group>"; };
		4AE5FEAB212F833100ECC99E /* Array+Extension.swift */ = {isa = PBXFileReference; lastKnownFileType = sourcecode.swift; path = "Array+Extension.swift"; sourceTree = "<group>"; };
		4AE5FEB1212F8A7B00ECC99E /* AmiiboType+Extension.swift */ = {isa = PBXFileReference; lastKnownFileType = sourcecode.swift; path = "AmiiboType+Extension.swift"; sourceTree = "<group>"; };
		4AE5FEB7212F901100ECC99E /* AmiiboTableViewCell.swift */ = {isa = PBXFileReference; lastKnownFileType = sourcecode.swift; path = AmiiboTableViewCell.swift; sourceTree = "<group>"; };
		4AE5FEB8212F901100ECC99E /* AmiiboTableViewCell.xib */ = {isa = PBXFileReference; lastKnownFileType = file.xib; path = AmiiboTableViewCell.xib; sourceTree = "<group>"; };
		517C2653277DD6099844DFA9 /* Pods-Amiibo.debug.xcconfig */ = {isa = PBXFileReference; includeInIndex = 1; lastKnownFileType = text.xcconfig; name = "Pods-Amiibo.debug.xcconfig"; path = "Pods/Target Support Files/Pods-Amiibo/Pods-Amiibo.debug.xcconfig"; sourceTree = "<group>"; };
		55222A56D9E541EFB9423F2B /* Pods_AmiiboTests.framework */ = {isa = PBXFileReference; explicitFileType = wrapper.framework; includeInIndex = 0; path = Pods_AmiiboTests.framework; sourceTree = BUILT_PRODUCTS_DIR; };
		6653EE899A94E46D4863D933 /* Pods_Amiibo.framework */ = {isa = PBXFileReference; explicitFileType = wrapper.framework; includeInIndex = 0; path = Pods_Amiibo.framework; sourceTree = BUILT_PRODUCTS_DIR; };
		F12A42CEF0D402E8353DA16F /* Pods-AmiiboTests.debug.xcconfig */ = {isa = PBXFileReference; includeInIndex = 1; lastKnownFileType = text.xcconfig; name = "Pods-AmiiboTests.debug.xcconfig"; path = "Pods/Target Support Files/Pods-AmiiboTests/Pods-AmiiboTests.debug.xcconfig"; sourceTree = "<group>"; };
		F35F29D9DB6324DBB3858C67 /* Pods-Amiibo.release.xcconfig */ = {isa = PBXFileReference; includeInIndex = 1; lastKnownFileType = text.xcconfig; name = "Pods-Amiibo.release.xcconfig"; path = "Pods/Target Support Files/Pods-Amiibo/Pods-Amiibo.release.xcconfig"; sourceTree = "<group>"; };
/* End PBXFileReference section */

/* Begin PBXFrameworksBuildPhase section */
		4A5FA8AF212F558F000B75D2 /* Frameworks */ = {
			isa = PBXFrameworksBuildPhase;
			buildActionMask = 2147483647;
			files = (
				2C11D2F992CD909213F3FA7F /* Pods_Amiibo.framework in Frameworks */,
			);
			runOnlyForDeploymentPostprocessing = 0;
		};
		4A5FA8C3212F5591000B75D2 /* Frameworks */ = {
			isa = PBXFrameworksBuildPhase;
			buildActionMask = 2147483647;
			files = (
				4333567306B87688B5C30F02 /* Pods_AmiiboTests.framework in Frameworks */,
			);
			runOnlyForDeploymentPostprocessing = 0;
		};
/* End PBXFrameworksBuildPhase section */

/* Begin PBXGroup section */
		281230EC21348B3000A99E1A /* CollectionViewCell */ = {
			isa = PBXGroup;
			children = (
				281230ED21348C4B00A99E1A /* AmiiboCollectionViewCell.swift */,
				281230EE21348C4B00A99E1A /* AmiiboCollectionViewCell.xib */,
			);
			path = CollectionViewCell;
			sourceTree = "<group>";
		};
		4A5FA8A9212F558F000B75D2 = {
			isa = PBXGroup;
			children = (
				4A5FA8B4212F558F000B75D2 /* Amiibo */,
				4A5FA8C9212F5591000B75D2 /* AmiiboTests */,
				4A5FA8B3212F558F000B75D2 /* Products */,
				BAA9BF99AF532F88C34682F9 /* Pods */,
				C27C561C5A930AB9A13B707F /* Frameworks */,
			);
			sourceTree = "<group>";
		};
		4A5FA8B3212F558F000B75D2 /* Products */ = {
			isa = PBXGroup;
			children = (
				4A5FA8B2212F558F000B75D2 /* Amiibo.app */,
				4A5FA8C6212F5591000B75D2 /* AmiiboTests.xctest */,
			);
			name = Products;
			sourceTree = "<group>";
		};
		4A5FA8B4212F558F000B75D2 /* Amiibo */ = {
			isa = PBXGroup;
			children = (
				4AE5FEAD212F869800ECC99E /* ViewControllers */,
				4AE5FE95212F63F300ECC99E /* ViewModel */,
				4A5FA8E7212F5CEB000B75D2 /* Network */,
				4A5FA8D9212F5ADD000B75D2 /* Utils */,
				4A5FA8D5212F570F000B75D2 /* Model */,
				4A5FA8B5212F558F000B75D2 /* AppDelegate.swift */,
				4A5FA8B7212F558F000B75D2 /* ViewController.swift */,
				4A5FA8B9212F558F000B75D2 /* Main.storyboard */,
				4A5FA8BC212F5591000B75D2 /* Assets.xcassets */,
				4A5FA8BE212F5591000B75D2 /* LaunchScreen.storyboard */,
				4A5FA8C1212F5591000B75D2 /* Info.plist */,
			);
			path = Amiibo;
			sourceTree = "<group>";
		};
		4A5FA8C9212F5591000B75D2 /* AmiiboTests */ = {
			isa = PBXGroup;
			children = (
				4A5FA8CA212F5591000B75D2 /* AmiiboTests.swift */,
				4A5FA8CC212F5592000B75D2 /* Info.plist */,
			);
			path = AmiiboTests;
			sourceTree = "<group>";
		};
		4A5FA8D5212F570F000B75D2 /* Model */ = {
			isa = PBXGroup;
			children = (
				4AE5FEA4212F790E00ECC99E /* RealmObject.swift */,
				4A5FA8D6212F573C000B75D2 /* AmiiboResponse.swift */,
				4AE5FE99212F653600ECC99E /* Type.swift */,
				4AE5FE9B212F65B600ECC99E /* Amiibo.swift */,
			);
			path = Model;
			sourceTree = "<group>";
		};
		4A5FA8D9212F5ADD000B75D2 /* Utils */ = {
			isa = PBXGroup;
			children = (
				4A5FA8E4212F5C5E000B75D2 /* Reachability.swift */,
				4A5FA8E3212F5C5E000B75D2 /* ReachabilityService.swift */,
				4A5FA8DA212F5ADD000B75D2 /* Extension */,
			);
			path = Utils;
			sourceTree = "<group>";
		};
		4A5FA8DA212F5ADD000B75D2 /* Extension */ = {
			isa = PBXGroup;
			children = (
				4A5FA8DD212F5ADD000B75D2 /* Optional+Unwrap.swift */,
				4A5FA8DE212F5ADD000B75D2 /* URLSession+Requester.swift */,
				4AE5FEAB212F833100ECC99E /* Array+Extension.swift */,
				4AE5FEB1212F8A7B00ECC99E /* AmiiboType+Extension.swift */,
			);
			path = Extension;
			sourceTree = "<group>";
		};
		4A5FA8E7212F5CEB000B75D2 /* Network */ = {
			isa = PBXGroup;
			children = (
				4AE5FEA2212F70D100ECC99E /* APIRequester.swift */,
				4AE5FEA6212F7A4B00ECC99E /* Amiibos */,
				4AE5FE9F212F6EE100ECC99E /* AmiiboType */,
				4A5FA8E8212F5D1E000B75D2 /* BaseRequest+Builder.swift */,
			);
			path = Network;
			sourceTree = "<group>";
		};
		4AE5FE95212F63F300ECC99E /* ViewModel */ = {
			isa = PBXGroup;
			children = (
				4AE5FE96212F63FE00ECC99E /* Amiibo */,
			);
			path = ViewModel;
			sourceTree = "<group>";
		};
		4AE5FE96212F63FE00ECC99E /* Amiibo */ = {
			isa = PBXGroup;
			children = (
				4AE5FEB4212F8F8D00ECC99E /* Cells */,
				4AE5FE97212F640F00ECC99E /* AmiiboViewModel.swift */,
			);
			path = Amiibo;
			sourceTree = "<group>";
		};
		4AE5FE9F212F6EE100ECC99E /* AmiiboType */ = {
			isa = PBXGroup;
			children = (
				4AE5FE9D212F6E3100ECC99E /* TypeRouter.swift */,
				4AE5FEA0212F6EFF00ECC99E /* TypeRequest.swift */,
			);
			path = AmiiboType;
			sourceTree = "<group>";
		};
		4AE5FEA6212F7A4B00ECC99E /* Amiibos */ = {
			isa = PBXGroup;
			children = (
				4AE5FEA7212F7A7200ECC99E /* AmiiboRequest.swift */,
				4AE5FEA9212F7C9300ECC99E /* AmiiboRouter.swift */,
			);
			path = Amiibos;
			sourceTree = "<group>";
		};
		4AE5FEAD212F869800ECC99E /* ViewControllers */ = {
			isa = PBXGroup;
			children = (
				2893F5FB2134CBB3001EB754 /* AmiibosViewController.swift */,
				2893F5FC2134CBB3001EB754 /* AmiibosViewController.xib */,
			);
			path = ViewControllers;
			sourceTree = "<group>";
		};
		4AE5FEB4212F8F8D00ECC99E /* Cells */ = {
			isa = PBXGroup;
			children = (
				281230EC21348B3000A99E1A /* CollectionViewCell */,
				4AE5FEB7212F901100ECC99E /* AmiiboTableViewCell.swift */,
				4AE5FEB8212F901100ECC99E /* AmiiboTableViewCell.xib */,
			);
			path = Cells;
			sourceTree = "<group>";
		};
		BAA9BF99AF532F88C34682F9 /* Pods */ = {
			isa = PBXGroup;
			children = (
				517C2653277DD6099844DFA9 /* Pods-Amiibo.debug.xcconfig */,
				F35F29D9DB6324DBB3858C67 /* Pods-Amiibo.release.xcconfig */,
				F12A42CEF0D402E8353DA16F /* Pods-AmiiboTests.debug.xcconfig */,
				4241859491D048987D55093E /* Pods-AmiiboTests.release.xcconfig */,
			);
			name = Pods;
			sourceTree = "<group>";
		};
		C27C561C5A930AB9A13B707F /* Frameworks */ = {
			isa = PBXGroup;
			children = (
				6653EE899A94E46D4863D933 /* Pods_Amiibo.framework */,
				55222A56D9E541EFB9423F2B /* Pods_AmiiboTests.framework */,
			);
			name = Frameworks;
			sourceTree = "<group>";
		};
/* End PBXGroup section */

/* Begin PBXNativeTarget section */
		4A5FA8B1212F558F000B75D2 /* Amiibo */ = {
			isa = PBXNativeTarget;
			buildConfigurationList = 4A5FA8CF212F5592000B75D2 /* Build configuration list for PBXNativeTarget "Amiibo" */;
			buildPhases = (
				828C24E003C0C18E2AEA829E /* [CP] Check Pods Manifest.lock */,
				4A5FA8AE212F558F000B75D2 /* Sources */,
				4A5FA8AF212F558F000B75D2 /* Frameworks */,
				4A5FA8B0212F558F000B75D2 /* Resources */,
				0CA5DA6D9980641EF1AB202B /* [CP] Embed Pods Frameworks */,
			);
			buildRules = (
			);
			dependencies = (
			);
			name = Amiibo;
			productName = Amiibo;
			productReference = 4A5FA8B2212F558F000B75D2 /* Amiibo.app */;
			productType = "com.apple.product-type.application";
		};
		4A5FA8C5212F5591000B75D2 /* AmiiboTests */ = {
			isa = PBXNativeTarget;
			buildConfigurationList = 4A5FA8D2212F5592000B75D2 /* Build configuration list for PBXNativeTarget "AmiiboTests" */;
			buildPhases = (
				CB518B4CC07D4311719D927A /* [CP] Check Pods Manifest.lock */,
				4A5FA8C2212F5591000B75D2 /* Sources */,
				4A5FA8C3212F5591000B75D2 /* Frameworks */,
				4A5FA8C4212F5591000B75D2 /* Resources */,
			);
			buildRules = (
			);
			dependencies = (
				4A5FA8C8212F5591000B75D2 /* PBXTargetDependency */,
			);
			name = AmiiboTests;
			productName = AmiiboTests;
			productReference = 4A5FA8C6212F5591000B75D2 /* AmiiboTests.xctest */;
			productType = "com.apple.product-type.bundle.unit-test";
		};
/* End PBXNativeTarget section */

/* Begin PBXProject section */
		4A5FA8AA212F558F000B75D2 /* Project object */ = {
			isa = PBXProject;
			attributes = {
				LastSwiftUpdateCheck = 0930;
				LastUpgradeCheck = 0930;
				ORGANIZATIONNAME = gcamposApps;
				TargetAttributes = {
					4A5FA8B1212F558F000B75D2 = {
						CreatedOnToolsVersion = 9.3;
					};
					4A5FA8C5212F5591000B75D2 = {
						CreatedOnToolsVersion = 9.3;
						TestTargetID = 4A5FA8B1212F558F000B75D2;
					};
				};
			};
			buildConfigurationList = 4A5FA8AD212F558F000B75D2 /* Build configuration list for PBXProject "Amiibo" */;
			compatibilityVersion = "Xcode 9.3";
			developmentRegion = en;
			hasScannedForEncodings = 0;
			knownRegions = (
				en,
				Base,
			);
			mainGroup = 4A5FA8A9212F558F000B75D2;
			productRefGroup = 4A5FA8B3212F558F000B75D2 /* Products */;
			projectDirPath = "";
			projectRoot = "";
			targets = (
				4A5FA8B1212F558F000B75D2 /* Amiibo */,
				4A5FA8C5212F5591000B75D2 /* AmiiboTests */,
			);
		};
/* End PBXProject section */

/* Begin PBXResourcesBuildPhase section */
		4A5FA8B0212F558F000B75D2 /* Resources */ = {
			isa = PBXResourcesBuildPhase;
			buildActionMask = 2147483647;
			files = (
				281230F021348C4B00A99E1A /* AmiiboCollectionViewCell.xib in Resources */,
				4AE5FEBA212F901100ECC99E /* AmiiboTableViewCell.xib in Resources */,
				4A5FA8C0212F5591000B75D2 /* LaunchScreen.storyboard in Resources */,
				4A5FA8BD212F5591000B75D2 /* Assets.xcassets in Resources */,
				4A5FA8BB212F558F000B75D2 /* Main.storyboard in Resources */,
				2893F5FE2134CBB3001EB754 /* AmiibosViewController.xib in Resources */,
			);
			runOnlyForDeploymentPostprocessing = 0;
		};
		4A5FA8C4212F5591000B75D2 /* Resources */ = {
			isa = PBXResourcesBuildPhase;
			buildActionMask = 2147483647;
			files = (
			);
			runOnlyForDeploymentPostprocessing = 0;
		};
/* End PBXResourcesBuildPhase section */

/* Begin PBXShellScriptBuildPhase section */
		0CA5DA6D9980641EF1AB202B /* [CP] Embed Pods Frameworks */ = {
			isa = PBXShellScriptBuildPhase;
			buildActionMask = 2147483647;
			files = (
			);
			inputPaths = (
				"${SRCROOT}/Pods/Target Support Files/Pods-Amiibo/Pods-Amiibo-frameworks.sh",
				"${BUILT_PRODUCTS_DIR}/Differentiator/Differentiator.framework",
				"${BUILT_PRODUCTS_DIR}/JustNetworking/JustNetworking.framework",
				"${BUILT_PRODUCTS_DIR}/Kingfisher/Kingfisher.framework",
				"${BUILT_PRODUCTS_DIR}/Realm/Realm.framework",
				"${BUILT_PRODUCTS_DIR}/RealmSwift/RealmSwift.framework",
				"${BUILT_PRODUCTS_DIR}/RxCocoa/RxCocoa.framework",
				"${BUILT_PRODUCTS_DIR}/RxDataSources/RxDataSources.framework",
				"${BUILT_PRODUCTS_DIR}/RxSwift/RxSwift.framework",
			);
			name = "[CP] Embed Pods Frameworks";
			outputPaths = (
				"${TARGET_BUILD_DIR}/${FRAMEWORKS_FOLDER_PATH}/Differentiator.framework",
				"${TARGET_BUILD_DIR}/${FRAMEWORKS_FOLDER_PATH}/JustNetworking.framework",
				"${TARGET_BUILD_DIR}/${FRAMEWORKS_FOLDER_PATH}/Kingfisher.framework",
				"${TARGET_BUILD_DIR}/${FRAMEWORKS_FOLDER_PATH}/Realm.framework",
				"${TARGET_BUILD_DIR}/${FRAMEWORKS_FOLDER_PATH}/RealmSwift.framework",
				"${TARGET_BUILD_DIR}/${FRAMEWORKS_FOLDER_PATH}/RxCocoa.framework",
				"${TARGET_BUILD_DIR}/${FRAMEWORKS_FOLDER_PATH}/RxDataSources.framework",
				"${TARGET_BUILD_DIR}/${FRAMEWORKS_FOLDER_PATH}/RxSwift.framework",
			);
			runOnlyForDeploymentPostprocessing = 0;
			shellPath = /bin/sh;
			shellScript = "\"${SRCROOT}/Pods/Target Support Files/Pods-Amiibo/Pods-Amiibo-frameworks.sh\"\n";
			showEnvVarsInLog = 0;
		};
		828C24E003C0C18E2AEA829E /* [CP] Check Pods Manifest.lock */ = {
			isa = PBXShellScriptBuildPhase;
			buildActionMask = 2147483647;
			files = (
			);
			inputPaths = (
				"${PODS_PODFILE_DIR_PATH}/Podfile.lock",
				"${PODS_ROOT}/Manifest.lock",
			);
			name = "[CP] Check Pods Manifest.lock";
			outputPaths = (
				"$(DERIVED_FILE_DIR)/Pods-Amiibo-checkManifestLockResult.txt",
			);
			runOnlyForDeploymentPostprocessing = 0;
			shellPath = /bin/sh;
			shellScript = "diff \"${PODS_PODFILE_DIR_PATH}/Podfile.lock\" \"${PODS_ROOT}/Manifest.lock\" > /dev/null\nif [ $? != 0 ] ; then\n    # print error to STDERR\n    echo \"error: The sandbox is not in sync with the Podfile.lock. Run 'pod install' or update your CocoaPods installation.\" >&2\n    exit 1\nfi\n# This output is used by Xcode 'outputs' to avoid re-running this script phase.\necho \"SUCCESS\" > \"${SCRIPT_OUTPUT_FILE_0}\"\n";
			showEnvVarsInLog = 0;
		};
		CB518B4CC07D4311719D927A /* [CP] Check Pods Manifest.lock */ = {
			isa = PBXShellScriptBuildPhase;
			buildActionMask = 2147483647;
			files = (
			);
			inputPaths = (
				"${PODS_PODFILE_DIR_PATH}/Podfile.lock",
				"${PODS_ROOT}/Manifest.lock",
			);
			name = "[CP] Check Pods Manifest.lock";
			outputPaths = (
				"$(DERIVED_FILE_DIR)/Pods-AmiiboTests-checkManifestLockResult.txt",
			);
			runOnlyForDeploymentPostprocessing = 0;
			shellPath = /bin/sh;
			shellScript = "diff \"${PODS_PODFILE_DIR_PATH}/Podfile.lock\" \"${PODS_ROOT}/Manifest.lock\" > /dev/null\nif [ $? != 0 ] ; then\n    # print error to STDERR\n    echo \"error: The sandbox is not in sync with the Podfile.lock. Run 'pod install' or update your CocoaPods installation.\" >&2\n    exit 1\nfi\n# This output is used by Xcode 'outputs' to avoid re-running this script phase.\necho \"SUCCESS\" > \"${SCRIPT_OUTPUT_FILE_0}\"\n";
			showEnvVarsInLog = 0;
		};
/* End PBXShellScriptBuildPhase section */

/* Begin PBXSourcesBuildPhase section */
		4A5FA8AE212F558F000B75D2 /* Sources */ = {
			isa = PBXSourcesBuildPhase;
			buildActionMask = 2147483647;
			files = (
				4AE5FE9C212F65B600ECC99E /* Amiibo.swift in Sources */,
				4AE5FEAA212F7C9300ECC99E /* AmiiboRouter.swift in Sources */,
				4AE5FE98212F640F00ECC99E /* AmiiboViewModel.swift in Sources */,
				4AE5FEAC212F833100ECC99E /* Array+Extension.swift in Sources */,
				4AE5FEB9212F901100ECC99E /* AmiiboTableViewCell.swift in Sources */,
				4AE5FE9E212F6E3100ECC99E /* TypeRouter.swift in Sources */,
				2893F5FD2134CBB3001EB754 /* AmiibosViewController.swift in Sources */,
				4AE5FE9A212F653600ECC99E /* Type.swift in Sources */,
				4A5FA8E6212F5C5E000B75D2 /* Reachability.swift in Sources */,
				4A5FA8B8212F558F000B75D2 /* ViewController.swift in Sources */,
				4A5FA8E9212F5D1E000B75D2 /* BaseRequest+Builder.swift in Sources */,
				4AE5FEA3212F70D100ECC99E /* APIRequester.swift in Sources */,
				4AE5FEA8212F7A7200ECC99E /* AmiiboRequest.swift in Sources */,
				4AE5FEA5212F790E00ECC99E /* RealmObject.swift in Sources */,
				4A5FA8E2212F5ADD000B75D2 /* URLSession+Requester.swift in Sources */,
				281230EF21348C4B00A99E1A /* AmiiboCollectionViewCell.swift in Sources */,
				4AE5FEA1212F6EFF00ECC99E /* TypeRequest.swift in Sources */,
				4A5FA8E5212F5C5E000B75D2 /* ReachabilityService.swift in Sources */,
				4AE5FEB2212F8A7B00ECC99E /* AmiiboType+Extension.swift in Sources */,
				4A5FA8E1212F5ADD000B75D2 /* Optional+Unwrap.swift in Sources */,
				4A5FA8B6212F558F000B75D2 /* AppDelegate.swift in Sources */,
				4A5FA8D7212F573C000B75D2 /* AmiiboResponse.swift in Sources */,
			);
			runOnlyForDeploymentPostprocessing = 0;
		};
		4A5FA8C2212F5591000B75D2 /* Sources */ = {
			isa = PBXSourcesBuildPhase;
			buildActionMask = 2147483647;
			files = (
				4A5FA8CB212F5591000B75D2 /* AmiiboTests.swift in Sources */,
			);
			runOnlyForDeploymentPostprocessing = 0;
		};
/* End PBXSourcesBuildPhase section */

/* Begin PBXTargetDependency section */
		4A5FA8C8212F5591000B75D2 /* PBXTargetDependency */ = {
			isa = PBXTargetDependency;
			target = 4A5FA8B1212F558F000B75D2 /* Amiibo */;
			targetProxy = 4A5FA8C7212F5591000B75D2 /* PBXContainerItemProxy */;
		};
/* End PBXTargetDependency section */

/* Begin PBXVariantGroup section */
		4A5FA8B9212F558F000B75D2 /* Main.storyboard */ = {
			isa = PBXVariantGroup;
			children = (
				4A5FA8BA212F558F000B75D2 /* Base */,
			);
			name = Main.storyboard;
			sourceTree = "<group>";
		};
		4A5FA8BE212F5591000B75D2 /* LaunchScreen.storyboard */ = {
			isa = PBXVariantGroup;
			children = (
				4A5FA8BF212F5591000B75D2 /* Base */,
			);
			name = LaunchScreen.storyboard;
			sourceTree = "<group>";
		};
/* End PBXVariantGroup section */

/* Begin XCBuildConfiguration section */
		4A5FA8CD212F5592000B75D2 /* Debug */ = {
			isa = XCBuildConfiguration;
			buildSettings = {
				ALWAYS_SEARCH_USER_PATHS = NO;
				CLANG_ANALYZER_NONNULL = YES;
				CLANG_ANALYZER_NUMBER_OBJECT_CONVERSION = YES_AGGRESSIVE;
				CLANG_CXX_LANGUAGE_STANDARD = "gnu++14";
				CLANG_CXX_LIBRARY = "libc++";
				CLANG_ENABLE_MODULES = YES;
				CLANG_ENABLE_OBJC_ARC = YES;
				CLANG_ENABLE_OBJC_WEAK = YES;
				CLANG_WARN_BLOCK_CAPTURE_AUTORELEASING = YES;
				CLANG_WARN_BOOL_CONVERSION = YES;
				CLANG_WARN_COMMA = YES;
				CLANG_WARN_CONSTANT_CONVERSION = YES;
				CLANG_WARN_DEPRECATED_OBJC_IMPLEMENTATIONS = YES;
				CLANG_WARN_DIRECT_OBJC_ISA_USAGE = YES_ERROR;
				CLANG_WARN_DOCUMENTATION_COMMENTS = YES;
				CLANG_WARN_EMPTY_BODY = YES;
				CLANG_WARN_ENUM_CONVERSION = YES;
				CLANG_WARN_INFINITE_RECURSION = YES;
				CLANG_WARN_INT_CONVERSION = YES;
				CLANG_WARN_NON_LITERAL_NULL_CONVERSION = YES;
				CLANG_WARN_OBJC_IMPLICIT_RETAIN_SELF = YES;
				CLANG_WARN_OBJC_LITERAL_CONVERSION = YES;
				CLANG_WARN_OBJC_ROOT_CLASS = YES_ERROR;
				CLANG_WARN_RANGE_LOOP_ANALYSIS = YES;
				CLANG_WARN_STRICT_PROTOTYPES = YES;
				CLANG_WARN_SUSPICIOUS_MOVE = YES;
				CLANG_WARN_UNGUARDED_AVAILABILITY = YES_AGGRESSIVE;
				CLANG_WARN_UNREACHABLE_CODE = YES;
				CLANG_WARN__DUPLICATE_METHOD_MATCH = YES;
				CODE_SIGN_IDENTITY = "iPhone Developer";
				COPY_PHASE_STRIP = NO;
				DEBUG_INFORMATION_FORMAT = dwarf;
				ENABLE_STRICT_OBJC_MSGSEND = YES;
				ENABLE_TESTABILITY = YES;
				GCC_C_LANGUAGE_STANDARD = gnu11;
				GCC_DYNAMIC_NO_PIC = NO;
				GCC_NO_COMMON_BLOCKS = YES;
				GCC_OPTIMIZATION_LEVEL = 0;
				GCC_PREPROCESSOR_DEFINITIONS = (
					"DEBUG=1",
					"$(inherited)",
				);
				GCC_WARN_64_TO_32_BIT_CONVERSION = YES;
				GCC_WARN_ABOUT_RETURN_TYPE = YES_ERROR;
				GCC_WARN_UNDECLARED_SELECTOR = YES;
				GCC_WARN_UNINITIALIZED_AUTOS = YES_AGGRESSIVE;
				GCC_WARN_UNUSED_FUNCTION = YES;
				GCC_WARN_UNUSED_VARIABLE = YES;
				IPHONEOS_DEPLOYMENT_TARGET = 11.3;
				MTL_ENABLE_DEBUG_INFO = YES;
				ONLY_ACTIVE_ARCH = YES;
				SDKROOT = iphoneos;
				SWIFT_ACTIVE_COMPILATION_CONDITIONS = DEBUG;
				SWIFT_OPTIMIZATION_LEVEL = "-Onone";
			};
			name = Debug;
		};
		4A5FA8CE212F5592000B75D2 /* Release */ = {
			isa = XCBuildConfiguration;
			buildSettings = {
				ALWAYS_SEARCH_USER_PATHS = NO;
				CLANG_ANALYZER_NONNULL = YES;
				CLANG_ANALYZER_NUMBER_OBJECT_CONVERSION = YES_AGGRESSIVE;
				CLANG_CXX_LANGUAGE_STANDARD = "gnu++14";
				CLANG_CXX_LIBRARY = "libc++";
				CLANG_ENABLE_MODULES = YES;
				CLANG_ENABLE_OBJC_ARC = YES;
				CLANG_ENABLE_OBJC_WEAK = YES;
				CLANG_WARN_BLOCK_CAPTURE_AUTORELEASING = YES;
				CLANG_WARN_BOOL_CONVERSION = YES;
				CLANG_WARN_COMMA = YES;
				CLANG_WARN_CONSTANT_CONVERSION = YES;
				CLANG_WARN_DEPRECATED_OBJC_IMPLEMENTATIONS = YES;
				CLANG_WARN_DIRECT_OBJC_ISA_USAGE = YES_ERROR;
				CLANG_WARN_DOCUMENTATION_COMMENTS = YES;
				CLANG_WARN_EMPTY_BODY = YES;
				CLANG_WARN_ENUM_CONVERSION = YES;
				CLANG_WARN_INFINITE_RECURSION = YES;
				CLANG_WARN_INT_CONVERSION = YES;
				CLANG_WARN_NON_LITERAL_NULL_CONVERSION = YES;
				CLANG_WARN_OBJC_IMPLICIT_RETAIN_SELF = YES;
				CLANG_WARN_OBJC_LITERAL_CONVERSION = YES;
				CLANG_WARN_OBJC_ROOT_CLASS = YES_ERROR;
				CLANG_WARN_RANGE_LOOP_ANALYSIS = YES;
				CLANG_WARN_STRICT_PROTOTYPES = YES;
				CLANG_WARN_SUSPICIOUS_MOVE = YES;
				CLANG_WARN_UNGUARDED_AVAILABILITY = YES_AGGRESSIVE;
				CLANG_WARN_UNREACHABLE_CODE = YES;
				CLANG_WARN__DUPLICATE_METHOD_MATCH = YES;
				CODE_SIGN_IDENTITY = "iPhone Developer";
				COPY_PHASE_STRIP = NO;
				DEBUG_INFORMATION_FORMAT = "dwarf-with-dsym";
				ENABLE_NS_ASSERTIONS = NO;
				ENABLE_STRICT_OBJC_MSGSEND = YES;
				GCC_C_LANGUAGE_STANDARD = gnu11;
				GCC_NO_COMMON_BLOCKS = YES;
				GCC_WARN_64_TO_32_BIT_CONVERSION = YES;
				GCC_WARN_ABOUT_RETURN_TYPE = YES_ERROR;
				GCC_WARN_UNDECLARED_SELECTOR = YES;
				GCC_WARN_UNINITIALIZED_AUTOS = YES_AGGRESSIVE;
				GCC_WARN_UNUSED_FUNCTION = YES;
				GCC_WARN_UNUSED_VARIABLE = YES;
				IPHONEOS_DEPLOYMENT_TARGET = 11.3;
				MTL_ENABLE_DEBUG_INFO = NO;
				SDKROOT = iphoneos;
				SWIFT_COMPILATION_MODE = wholemodule;
				SWIFT_OPTIMIZATION_LEVEL = "-O";
				VALIDATE_PRODUCT = YES;
			};
			name = Release;
		};
		4A5FA8D0212F5592000B75D2 /* Debug */ = {
			isa = XCBuildConfiguration;
			baseConfigurationReference = 517C2653277DD6099844DFA9 /* Pods-Amiibo.debug.xcconfig */;
			buildSettings = {
				ASSETCATALOG_COMPILER_APPICON_NAME = AppIcon;
				CODE_SIGN_STYLE = Automatic;
				INFOPLIST_FILE = Amiibo/Info.plist;
				LD_RUNPATH_SEARCH_PATHS = (
					"$(inherited)",
					"@executable_path/Frameworks",
				);
				PRODUCT_BUNDLE_IDENTIFIER = gcampos.Amiibo;
				PRODUCT_NAME = "$(TARGET_NAME)";
				SWIFT_VERSION = 4.0;
				TARGETED_DEVICE_FAMILY = "1,2";
			};
			name = Debug;
		};
		4A5FA8D1212F5592000B75D2 /* Release */ = {
			isa = XCBuildConfiguration;
			baseConfigurationReference = F35F29D9DB6324DBB3858C67 /* Pods-Amiibo.release.xcconfig */;
			buildSettings = {
				ASSETCATALOG_COMPILER_APPICON_NAME = AppIcon;
				CODE_SIGN_STYLE = Automatic;
				INFOPLIST_FILE = Amiibo/Info.plist;
				LD_RUNPATH_SEARCH_PATHS = (
					"$(inherited)",
					"@executable_path/Frameworks",
				);
				PRODUCT_BUNDLE_IDENTIFIER = gcampos.Amiibo;
				PRODUCT_NAME = "$(TARGET_NAME)";
				SWIFT_VERSION = 4.0;
				TARGETED_DEVICE_FAMILY = "1,2";
			};
			name = Release;
		};
		4A5FA8D3212F5592000B75D2 /* Debug */ = {
			isa = XCBuildConfiguration;
			baseConfigurationReference = F12A42CEF0D402E8353DA16F /* Pods-AmiiboTests.debug.xcconfig */;
			buildSettings = {
				ALWAYS_EMBED_SWIFT_STANDARD_LIBRARIES = YES;
				BUNDLE_LOADER = "$(TEST_HOST)";
				CODE_SIGN_STYLE = Automatic;
				INFOPLIST_FILE = AmiiboTests/Info.plist;
				LD_RUNPATH_SEARCH_PATHS = (
					"$(inherited)",
					"@executable_path/Frameworks",
					"@loader_path/Frameworks",
				);
				PRODUCT_BUNDLE_IDENTIFIER = gcampos.AmiiboTests;
				PRODUCT_NAME = "$(TARGET_NAME)";
				SWIFT_VERSION = 4.0;
				TARGETED_DEVICE_FAMILY = "1,2";
				TEST_HOST = "$(BUILT_PRODUCTS_DIR)/Amiibo.app/Amiibo";
			};
			name = Debug;
		};
		4A5FA8D4212F5592000B75D2 /* Release */ = {
			isa = XCBuildConfiguration;
			baseConfigurationReference = 4241859491D048987D55093E /* Pods-AmiiboTests.release.xcconfig */;
			buildSettings = {
				ALWAYS_EMBED_SWIFT_STANDARD_LIBRARIES = YES;
				BUNDLE_LOADER = "$(TEST_HOST)";
				CODE_SIGN_STYLE = Automatic;
				INFOPLIST_FILE = AmiiboTests/Info.plist;
				LD_RUNPATH_SEARCH_PATHS = (
					"$(inherited)",
					"@executable_path/Frameworks",
					"@loader_path/Frameworks",
				);
				PRODUCT_BUNDLE_IDENTIFIER = gcampos.AmiiboTests;
				PRODUCT_NAME = "$(TARGET_NAME)";
				SWIFT_VERSION = 4.0;
				TARGETED_DEVICE_FAMILY = "1,2";
				TEST_HOST = "$(BUILT_PRODUCTS_DIR)/Amiibo.app/Amiibo";
			};
			name = Release;
		};
/* End XCBuildConfiguration section */

/* Begin XCConfigurationList section */
		4A5FA8AD212F558F000B75D2 /* Build configuration list for PBXProject "Amiibo" */ = {
			isa = XCConfigurationList;
			buildConfigurations = (
				4A5FA8CD212F5592000B75D2 /* Debug */,
				4A5FA8CE212F5592000B75D2 /* Release */,
			);
			defaultConfigurationIsVisible = 0;
			defaultConfigurationName = Release;
		};
		4A5FA8CF212F5592000B75D2 /* Build configuration list for PBXNativeTarget "Amiibo" */ = {
			isa = XCConfigurationList;
			buildConfigurations = (
				4A5FA8D0212F5592000B75D2 /* Debug */,
				4A5FA8D1212F5592000B75D2 /* Release */,
			);
			defaultConfigurationIsVisible = 0;
			defaultConfigurationName = Release;
		};
		4A5FA8D2212F5592000B75D2 /* Build configuration list for PBXNativeTarget "AmiiboTests" */ = {
			isa = XCConfigurationList;
			buildConfigurations = (
				4A5FA8D3212F5592000B75D2 /* Debug */,
				4A5FA8D4212F5592000B75D2 /* Release */,
			);
			defaultConfigurationIsVisible = 0;
			defaultConfigurationName = Release;
		};
/* End XCConfigurationList section */
	};
	rootObject = 4A5FA8AA212F558F000B75D2 /* Project object */;
}
